
Microsoft Visual Studio Solution File, Format Version 12.00
# Visual Studio Version 17
VisualStudioVersion = 17.6.33723.286
MinimumVisualStudioVersion = 10.0.40219.1
Project("{FAE04EC0-301F-11D3-BF4B-00C04F79EFBC}") = "c-sharp-HashSet", "c-sharp-HashSet\c-sharp-HashSet.csproj", "{157ECFAF-7278-4E3F-B1B6-A0B0B8CC55AB}"
EndProject
Global
	GlobalSection(SolutionConfigurationPlatforms) = preSolution
		Debug|Any CPU = Debug|Any CPU
		Release|Any CPU = Release|Any CPU
	EndGlobalSection
	GlobalSection(ProjectConfigurationPlatforms) = postSolution
		{157ECFAF-7278-4E3F-B1B6-A0B0B8CC55AB}.Debug|Any CPU.ActiveCfg = Debug|Any CPU
		{157ECFAF-7278-4E3F-B1B6-A0B0B8CC55AB}.Debug|Any CPU.Build.0 = Debug|Any CPU
		{157ECFAF-7278-4E3F-B1B6-A0B0B8CC55AB}.Release|Any CPU.ActiveCfg = Release|Any CPU
		{157ECFAF-7278-4E3F-B1B6-A0B0B8CC55AB}.Release|Any CPU.Build.0 = Release|Any CPU
	EndGlobalSection
	GlobalSection(SolutionProperties) = preSolution
		HideSolutionNode = FALSE
	EndGlobalSection
	GlobalSection(ExtensibilityGlobals) = postSolution
		SolutionGuid = {63952F40-E41C-4777-BE98-4CB001815953}
	EndGlobalSection
EndGlobal
